
Microsoft Visual Studio Solution File, Format Version 12.00
# Visual Studio Version 17
VisualStudioVersion = 17.13.35617.110 d17.13
MinimumVisualStudioVersion = 10.0.40219.1
Project("{FAE04EC0-301F-11D3-BF4B-00C04F79EFBC}") = "ASPPR_1.1_R", "ASPPR_1.1_R\ASPPR_1.1_R.csproj", "{EEE59609-4B46-4AFC-9096-81327AC53D79}"
EndProject
Global
	GlobalSection(SolutionConfigurationPlatforms) = preSolution
		Debug|Any CPU = Debug|Any CPU
		Release|Any CPU = Release|Any CPU
	EndGlobalSection
	GlobalSection(ProjectConfigurationPlatforms) = postSolution
		{EEE59609-4B46-4AFC-9096-81327AC53D79}.Debug|Any CPU.ActiveCfg = Debug|Any CPU
		{EEE59609-4B46-4AFC-9096-81327AC53D79}.Debug|Any CPU.Build.0 = Debug|Any CPU
		{EEE59609-4B46-4AFC-9096-81327AC53D79}.Release|Any CPU.ActiveCfg = Release|Any CPU
		{EEE59609-4B46-4AFC-9096-81327AC53D79}.Release|Any CPU.Build.0 = Release|Any CPU
	EndGlobalSection
	GlobalSection(SolutionProperties) = preSolution
		HideSolutionNode = FALSE
	EndGlobalSection
	GlobalSection(ExtensibilityGlobals) = postSolution
		SolutionGuid = {19719E2D-F5E5-4F24-BF10-55CA92A900B0}
	EndGlobalSection
EndGlobal
